
Microsoft Visual Studio Solution File, Format Version 12.00
# Visual Studio Version 17
VisualStudioVersion = 17.4.33103.184
MinimumVisualStudioVersion = 10.0.40219.1
Project("{FAE04EC0-301F-11D3-BF4B-00C04F79EFBC}") = "WebApplication1", "WebApplication1\WebApplication1.csproj", "{66DC7815-2B5C-4F0B-85DE-9838E4755ABC}"
EndProject
Global
	GlobalSection(SolutionConfigurationPlatforms) = preSolution
		Debug|Any CPU = Debug|Any CPU
		Release|Any CPU = Release|Any CPU
	EndGlobalSection
	GlobalSection(ProjectConfigurationPlatforms) = postSolution
		{66DC7815-2B5C-4F0B-85DE-9838E4755ABC}.Debug|Any CPU.ActiveCfg = Debug|Any CPU
		{66DC7815-2B5C-4F0B-85DE-9838E4755ABC}.Debug|Any CPU.Build.0 = Debug|Any CPU
		{66DC7815-2B5C-4F0B-85DE-9838E4755ABC}.Release|Any CPU.ActiveCfg = Release|Any CPU
		{66DC7815-2B5C-4F0B-85DE-9838E4755ABC}.Release|Any CPU.Build.0 = Release|Any CPU
	EndGlobalSection
	GlobalSection(SolutionProperties) = preSolution
		HideSolutionNode = FALSE
	EndGlobalSection
	GlobalSection(ExtensibilityGlobals) = postSolution
		SolutionGuid = {6877516E-78D7-476E-B8C5-65CFF081E180}
	EndGlobalSection
EndGlobal
